// !$*UTF8*$!
{
	archiveVersion = 1;
	classes = {
	};
	objectVersion = 48;
	objects = {

/* Begin PBXBuildFile section */
		C56987131FA9713800D557BD /* AppDelegate.swift in Sources */ = {isa = PBXBuildFile; fileRef = C56987121FA9713800D557BD /* AppDelegate.swift */; };
		C56987151FA9713800D557BD /* ViewController.swift in Sources */ = {isa = PBXBuildFile; fileRef = C56987141FA9713800D557BD /* ViewController.swift */; };
		C56987181FA9713800D557BD /* Main.storyboard in Resources */ = {isa = PBXBuildFile; fileRef = C56987161FA9713800D557BD /* Main.storyboard */; };
		C569871B1FA9713800D557BD /* ProjectJ.xcdatamodeld in Sources */ = {isa = PBXBuildFile; fileRef = C56987191FA9713800D557BD /* ProjectJ.xcdatamodeld */; };
		C569871D1FA9713800D557BD /* Assets.xcassets in Resources */ = {isa = PBXBuildFile; fileRef = C569871C1FA9713800D557BD /* Assets.xcassets */; };
		C56987201FA9713800D557BD /* LaunchScreen.storyboard in Resources */ = {isa = PBXBuildFile; fileRef = C569871E1FA9713800D557BD /* LaunchScreen.storyboard */; };
/* End PBXBuildFile section */

/* Begin PBXFileReference section */
		C569870F1FA9713800D557BD /* ProjectJ.app */ = {isa = PBXFileReference; explicitFileType = wrapper.application; includeInIndex = 0; path = ProjectJ.app; sourceTree = BUILT_PRODUCTS_DIR; };
		C56987121FA9713800D557BD /* AppDelegate.swift */ = {isa = PBXFileReference; lastKnownFileType = sourcecode.swift; path = AppDelegate.swift; sourceTree = "<group>"; };
		C56987141FA9713800D557BD /* ViewController.swift */ = {isa = PBXFileReference; lastKnownFileType = sourcecode.swift; path = ViewController.swift; sourceTree = "<group>"; };
		C56987171FA9713800D557BD /* Base */ = {isa = PBXFileReference; lastKnownFileType = file.storyboard; name = Base; path = Base.lproj/Main.storyboard; sourceTree = "<group>"; };
		C569871A1FA9713800D557BD /* ProjectJ.xcdatamodel */ = {isa = PBXFileReference; lastKnownFileType = wrapper.xcdatamodel; path = ProjectJ.xcdatamodel; sourceTree = "<group>"; };
		C569871C1FA9713800D557BD /* Assets.xcassets */ = {isa = PBXFileReference; lastKnownFileType = folder.assetcatalog; path = Assets.xcassets; sourceTree = "<group>"; };
		C569871F1FA9713800D557BD /* Base */ = {isa = PBXFileReference; lastKnownFileType = file.storyboard; name = Base; path = Base.lproj/LaunchScreen.storyboard; sourceTree = "<group>"; };
		C56987211FA9713800D557BD /* Info.plist */ = {isa = PBXFileReference; lastKnownFileType = text.plist.xml; path = Info.plist; sourceTree = "<group>"; };
/* End PBXFileReference section */

/* Begin PBXFrameworksBuildPhase section */
		C569870C1FA9713800D557BD /* Frameworks */ = {
			isa = PBXFrameworksBuildPhase;
			buildActionMask = 2147483647;
			files = (
			);
			runOnlyForDeploymentPostprocessing = 0;
		};
/* End PBXFrameworksBuildPhase section */

/* Begin PBXGroup section */
		C56987061FA9713800D557BD = {
			isa = PBXGroup;
			children = (
				C56987111FA9713800D557BD /* ProjectJ */,
				C56987101FA9713800D557BD /* Products */,
			);
			sourceTree = "<group>";
		};
		C56987101FA9713800D557BD /* Products */ = {
			isa = PBXGroup;
			children = (
				C569870F1FA9713800D557BD /* ProjectJ.app */,
			);
			name = Products;
			sourceTree = "<group>";
		};
		C56987111FA9713800D557BD /* ProjectJ */ = {
			isa = PBXGroup;
			children = (
				C56987121FA9713800D557BD /* AppDelegate.swift */,
				C56987141FA9713800D557BD /* ViewController.swift */,
				C56987161FA9713800D557BD /* Main.storyboard */,
				C569871C1FA9713800D557BD /* Assets.xcassets */,
				C569871E1FA9713800D557BD /* LaunchScreen.storyboard */,
				C56987211FA9713800D557BD /* Info.plist */,
				C56987191FA9713800D557BD /* ProjectJ.xcdatamodeld */,
			);
			path = ProjectJ;
			sourceTree = "<group>";
		};
/* End PBXGroup section */

/* Begin PBXNativeTarget section */
		C569870E1FA9713800D557BD /* ProjectJ */ = {
			isa = PBXNativeTarget;
			buildConfigurationList = C56987241FA9713800D557BD /* Build configuration list for PBXNativeTarget "ProjectJ" */;
			buildPhases = (
				C569870B1FA9713800D557BD /* Sources */,
				C569870C1FA9713800D557BD /* Frameworks */,
				C569870D1FA9713800D557BD /* Resources */,
			);
			buildRules = (
			);
			dependencies = (
			);
			name = ProjectJ;
			productName = ProjectJ;
			productReference = C569870F1FA9713800D557BD /* ProjectJ.app */;
			productType = "com.apple.product-type.application";
		};
/* End PBXNativeTarget section */

/* Begin PBXProject section */
		C56987071FA9713800D557BD /* Project object */ = {
			isa = PBXProject;
			attributes = {
				LastSwiftUpdateCheck = 0910;
				LastUpgradeCheck = 0910;
				ORGANIZATIONNAME = JK;
				TargetAttributes = {
					C569870E1FA9713800D557BD = {
						CreatedOnToolsVersion = 9.1;
						ProvisioningStyle = Automatic;
					};
				};
			};
			buildConfigurationList = C569870A1FA9713800D557BD /* Build configuration list for PBXProject "ProjectJ" */;
			compatibilityVersion = "Xcode 8.0";
			developmentRegion = en;
			hasScannedForEncodings = 0;
			knownRegions = (
				en,
				Base,
			);
			mainGroup = C56987061FA9713800D557BD;
			productRefGroup = C56987101FA9713800D557BD /* Products */;
			projectDirPath = "";
			projectRoot = "";
			targets = (
				C569870E1FA9713800D557BD /* ProjectJ */,
			);
		};
/* End PBXProject section */

/* Begin PBXResourcesBuildPhase section */
		C569870D1FA9713800D557BD /* Resources */ = {
			isa = PBXResourcesBuildPhase;
			buildActionMask = 2147483647;
			files = (
				C56987201FA9713800D557BD /* LaunchScreen.storyboard in Resources */,
				C569871D1FA9713800D557BD /* Assets.xcassets in Resources */,
				C56987181FA9713800D557BD /* Main.storyboard in Resources */,
			);
			runOnlyForDeploymentPostprocessing = 0;
		};
/* End PBXResourcesBuildPhase section */

/* Begin PBXSourcesBuildPhase section */
		C569870B1FA9713800D557BD /* Sources */ = {
			isa = PBXSourcesBuildPhase;
			buildActionMask = 2147483647;
			files = (
				C569871B1FA9713800D557BD /* ProjectJ.xcdatamodeld in Sources */,
				C56987151FA9713800D557BD /* ViewController.swift in Sources */,
				C56987131FA9713800D557BD /* AppDelegate.swift in Sources */,
			);
			runOnlyForDeploymentPostprocessing = 0;
		};
/* End PBXSourcesBuildPhase section */

/* Begin PBXVariantGroup section */
		C56987161FA9713800D557BD /* Main.storyboard */ = {
			isa = PBXVariantGroup;
			children = (
				C56987171FA9713800D557BD /* Base */,
			);
			name = Main.storyboard;
			sourceTree = "<group>";
		};
		C569871E1FA9713800D557BD /* LaunchScreen.storyboard */ = {
			isa = PBXVariantGroup;
			children = (
				C569871F1FA9713800D557BD /* Base */,
			);
			name = LaunchScreen.storyboard;
			sourceTree = "<group>";
		};
/* End PBXVariantGroup section */

/* Begin XCBuildConfiguration section */
		C56987221FA9713800D557BD /* Debug */ = {
			isa = XCBuildConfiguration;
			buildSettings = {
				ALWAYS_SEARCH_USER_PATHS = NO;
				CLANG_ANALYZER_NONNULL = YES;
				CLANG_ANALYZER_NUMBER_OBJECT_CONVERSION = YES_AGGRESSIVE;
				CLANG_CXX_LANGUAGE_STANDARD = "gnu++14";
				CLANG_CXX_LIBRARY = "libc++";
				CLANG_ENABLE_MODULES = YES;
				CLANG_ENABLE_OBJC_ARC = YES;
				CLANG_WARN_BLOCK_CAPTURE_AUTORELEASING = YES;
				CLANG_WARN_BOOL_CONVERSION = YES;
				CLANG_WARN_COMMA = YES;
				CLANG_WARN_CONSTANT_CONVERSION = YES;
				CLANG_WARN_DIRECT_OBJC_ISA_USAGE = YES_ERROR;
				CLANG_WARN_DOCUMENTATION_COMMENTS = YES;
				CLANG_WARN_EMPTY_BODY = YES;
				CLANG_WARN_ENUM_CONVERSION = YES;
				CLANG_WARN_INFINITE_RECURSION = YES;
				CLANG_WARN_INT_CONVERSION = YES;
				CLANG_WARN_NON_LITERAL_NULL_CONVERSION = YES;
				CLANG_WARN_OBJC_LITERAL_CONVERSION = YES;
				CLANG_WARN_OBJC_ROOT_CLASS = YES_ERROR;
				CLANG_WARN_RANGE_LOOP_ANALYSIS = YES;
				CLANG_WARN_STRICT_PROTOTYPES = YES;
				CLANG_WARN_SUSPICIOUS_MOVE = YES;
				CLANG_WARN_UNGUARDED_AVAILABILITY = YES_AGGRESSIVE;
				CLANG_WARN_UNREACHABLE_CODE = YES;
				CLANG_WARN__DUPLICATE_METHOD_MATCH = YES;
				CODE_SIGN_IDENTITY = "iPhone Developer";
				COPY_PHASE_STRIP = NO;
				DEBUG_INFORMATION_FORMAT = dwarf;
				ENABLE_STRICT_OBJC_MSGSEND = YES;
				ENABLE_TESTABILITY = YES;
				GCC_C_LANGUAGE_STANDARD = gnu11;
				GCC_DYNAMIC_NO_PIC = NO;
				GCC_NO_COMMON_BLOCKS = YES;
				GCC_OPTIMIZATION_LEVEL = 0;
				GCC_PREPROCESSOR_DEFINITIONS = (
					"DEBUG=1",
					"$(inherited)",
				);
				GCC_WARN_64_TO_32_BIT_CONVERSION = YES;
				GCC_WARN_ABOUT_RETURN_TYPE = YES_ERROR;
				GCC_WARN_UNDECLARED_SELECTOR = YES;
				GCC_WARN_UNINITIALIZED_AUTOS = YES_AGGRESSIVE;
				GCC_WARN_UNUSED_FUNCTION = YES;
				GCC_WARN_UNUSED_VARIABLE = YES;
				IPHONEOS_DEPLOYMENT_TARGET = 11.1;
				MTL_ENABLE_DEBUG_INFO = YES;
				ONLY_ACTIVE_ARCH = YES;
				SDKROOT = iphoneos;
				SWIFT_ACTIVE_COMPILATION_CONDITIONS = DEBUG;
				SWIFT_OPTIMIZATION_LEVEL = "-Onone";
			};
			name = Debug;
		};
		C56987231FA9713800D557BD /* Release */ = {
			isa = XCBuildConfiguration;
			buildSettings = {
				ALWAYS_SEARCH_USER_PATHS = NO;
				CLANG_ANALYZER_NONNULL = YES;
				CLANG_ANALYZER_NUMBER_OBJECT_CONVERSION = YES_AGGRESSIVE;
				CLANG_CXX_LANGUAGE_STANDARD = "gnu++14";
				CLANG_CXX_LIBRARY = "libc++";
				CLANG_ENABLE_MODULES = YES;
				CLANG_ENABLE_OBJC_ARC = YES;
				CLANG_WARN_BLOCK_CAPTURE_AUTORELEASING = YES;
				CLANG_WARN_BOOL_CONVERSION = YES;
				CLANG_WARN_COMMA = YES;
				CLANG_WARN_CONSTANT_CONVERSION = YES;
				CLANG_WARN_DIRECT_OBJC_ISA_USAGE = YES_ERROR;
				CLANG_WARN_DOCUMENTATION_COMMENTS = YES;
				CLANG_WARN_EMPTY_BODY = YES;
				CLANG_WARN_ENUM_CONVERSION = YES;
				CLANG_WARN_INFINITE_RECURSION = YES;
				CLANG_WARN_INT_CONVERSION = YES;
				CLANG_WARN_NON_LITERAL_NULL_CONVERSION = YES;
				CLANG_WARN_OBJC_LITERAL_CONVERSION = YES;
				CLANG_WARN_OBJC_ROOT_CLASS = YES_ERROR;
				CLANG_WARN_RANGE_LOOP_ANALYSIS = YES;
				CLANG_WARN_STRICT_PROTOTYPES = YES;
				CLANG_WARN_SUSPICIOUS_MOVE = YES;
				CLANG_WARN_UNGUARDED_AVAILABILITY = YES_AGGRESSIVE;
				CLANG_WARN_UNREACHABLE_CODE = YES;
				CLANG_WARN__DUPLICATE_METHOD_MATCH = YES;
				CODE_SIGN_IDENTITY = "iPhone Developer";
				COPY_PHASE_STRIP = NO;
				DEBUG_INFORMATION_FORMAT = "dwarf-with-dsym";
				ENABLE_NS_ASSERTIONS = NO;
				ENABLE_STRICT_OBJC_MSGSEND = YES;
				GCC_C_LANGUAGE_STANDARD = gnu11;
				GCC_NO_COMMON_BLOCKS = YES;
				GCC_WARN_64_TO_32_BIT_CONVERSION = YES;
				GCC_WARN_ABOUT_RETURN_TYPE = YES_ERROR;
				GCC_WARN_UNDECLARED_SELECTOR = YES;
				GCC_WARN_UNINITIALIZED_AUTOS = YES_AGGRESSIVE;
				GCC_WARN_UNUSED_FUNCTION = YES;
				GCC_WARN_UNUSED_VARIABLE = YES;
				IPHONEOS_DEPLOYMENT_TARGET = 11.1;
				MTL_ENABLE_DEBUG_INFO = NO;
				SDKROOT = iphoneos;
				SWIFT_OPTIMIZATION_LEVEL = "-Owholemodule";
				VALIDATE_PRODUCT = YES;
			};
			name = Release;
		};
		C56987251FA9713800D557BD /* Debug */ = {
			isa = XCBuildConfiguration;
			buildSettings = {
				ASSETCATALOG_COMPILER_APPICON_NAME = AppIcon;
				CODE_SIGN_STYLE = Automatic;
				DEVELOPMENT_TEAM = MV92QXS97F;
				INFOPLIST_FILE = ProjectJ/Info.plist;
				LD_RUNPATH_SEARCH_PATHS = "$(inherited) @executable_path/Frameworks";
				PRODUCT_BUNDLE_IDENTIFIER = com.jk.ProjectJ;
				PRODUCT_NAME = "$(TARGET_NAME)";
				SWIFT_VERSION = 4.0;
				TARGETED_DEVICE_FAMILY = "1,2";
			};
			name = Debug;
		};
		C56987261FA9713800D557BD /* Release */ = {
			isa = XCBuildConfiguration;
			buildSettings = {
				ASSETCATALOG_COMPILER_APPICON_NAME = AppIcon;
				CODE_SIGN_STYLE = Automatic;
				DEVELOPMENT_TEAM = MV92QXS97F;
				INFOPLIST_FILE = ProjectJ/Info.plist;
				LD_RUNPATH_SEARCH_PATHS = "$(inherited) @executable_path/Frameworks";
				PRODUCT_BUNDLE_IDENTIFIER = com.jk.ProjectJ;
				PRODUCT_NAME = "$(TARGET_NAME)";
				SWIFT_VERSION = 4.0;
				TARGETED_DEVICE_FAMILY = "1,2";
			};
			name = Release;
		};
/* End XCBuildConfiguration section */

/* Begin XCConfigurationList section */
		C569870A1FA9713800D557BD /* Build configuration list for PBXProject "ProjectJ" */ = {
			isa = XCConfigurationList;
			buildConfigurations = (
				C56987221FA9713800D557BD /* Debug */,
				C56987231FA9713800D557BD /* Release */,
			);
			defaultConfigurationIsVisible = 0;
			defaultConfigurationName = Release;
		};
		C56987241FA9713800D557BD /* Build configuration list for PBXNativeTarget "ProjectJ" */ = {
			isa = XCConfigurationList;
			buildConfigurations = (
				C56987251FA9713800D557BD /* Debug */,
				C56987261FA9713800D557BD /* Release */,
			);
			defaultConfigurationIsVisible = 0;
			defaultConfigurationName = Release;
		};
/* End XCConfigurationList section */

/* Begin XCVersionGroup section */
		C56987191FA9713800D557BD /* ProjectJ.xcdatamodeld */ = {
			isa = XCVersionGroup;
			children = (
				C569871A1FA9713800D557BD /* ProjectJ.xcdatamodel */,
			);
			currentVersion = C569871A1FA9713800D557BD /* ProjectJ.xcdatamodel */;
			path = ProjectJ.xcdatamodeld;
			sourceTree = "<group>";
			versionGroupType = wrapper.xcdatamodel;
		};
/* End XCVersionGroup section */
	};
	rootObject = C56987071FA9713800D557BD /* Project object */;
}
